{
    "_readme": [
        "This file locks the dependencies of your project to a known state",
        "Read more about it at https://getcomposer.org/doc/01-basic-usage.md#installing-dependencies",
        "This file is @generated automatically"
    ],
    "content-hash": "28dd349f1d77940ea7d102dad40955a3",
    "packages": [
        {
            "name": "spatie/array-to-xml",
            "version": "3.4.0",
            "source": {
                "type": "git",
                "url": "https://github.com/spatie/array-to-xml.git",
                "reference": "7dcfc67d60b0272926dabad1ec01f6b8a5fb5e67"
            },
            "dist": {
                "type": "zip",
                "url": "https://api.github.com/repos/spatie/array-to-xml/zipball/7dcfc67d60b0272926dabad1ec01f6b8a5fb5e67",
                "reference": "7dcfc67d60b0272926dabad1ec01f6b8a5fb5e67",
                "shasum": ""
            },
            "require": {
                "ext-dom": "*",
                "php": "^8.0"
            },
            "require-dev": {
                "mockery/mockery": "^1.2",
                "pestphp/pest": "^1.21",
                "spatie/pest-plugin-snapshots": "^1.1"
            },
            "type": "library",
            "extra": {
                "branch-alias": {
                    "dev-main": "3.x-dev"
                }
            },
            "autoload": {
                "psr-4": {
                    "Spatie\\ArrayToXml\\": "src"
                }
            },
            "notification-url": "https://packagist.org/downloads/",
            "license": [
                "MIT"
            ],
            "authors": [
                {
                    "name": "Freek Van der Herten",
                    "email": "freek@spatie.be",
                    "homepage": "https://freek.dev",
                    "role": "Developer"
                }
            ],
            "description": "Convert an array to xml",
            "homepage": "https://github.com/spatie/array-to-xml",
            "keywords": [
                "array",
                "convert",
                "xml"
            ],
            "support": {
                "source": "https://github.com/spatie/array-to-xml/tree/3.4.0"
            },
            "funding": [
                {
                    "url": "https://spatie.be/open-source/support-us",
                    "type": "custom"
                },
                {
                    "url": "https://github.com/spatie",
                    "type": "github"
                }
            ],
            "time": "2024-12-16T12:45:15+00:00"
        }
    ],
    "packages-dev": [],
    "aliases": [],
    "minimum-stability": "stable",
    "stability-flags": {},
    "prefer-stable": false,
    "prefer-lowest": false,
    "platform": {},
    "platform-dev": {},
    "plugin-api-version": "2.6.0"
}
